github.com/aws/aws-sdk-go-v2 v1.42.1 h1:9eOTgu1z/dVtYpNZ3/8/XbbaX0x/BqE3HUzAzs6K0ek=
github.com/aws/aws-sdk-go-v2/internal/configsources v1.4.30 h1:xM/Is9cKMHa8Jj8zkvWhvrFkZsXJV9E+BB4g0HW0duQ=
github.com/aws/aws-sdk-go-v2/internal/endpoints/v2 v2.7.30 h1:jn46zC9LdsVR/ZpMIJqMqb8hHv31BlLx3ulVqNspUOk=
github.com/aws/aws-sdk-go-v2/service/dynamodb v1.51.1 h1:vSxJwz51rdh6AyZnxzZCP76L9HZWGFOEzz0RlfZWyXs=
github.com/aws/aws-sdk-go-v2/service/dynamodb v1.51.1/go.mod h1:GyNGZUbiqJH5lMAVNlYlYXCNoJcCmyPAeLxlDKsmi1g=
github.com/aws/aws-sdk-go-v2/service/internal/accept-encoding v1.13.3 h1:x2Ibm/Af8Fi+BH+Hsn9TXGdT+hKbDd5XOTZxTMxDk7o=
github.com/aws/aws-sdk-go-v2/service/internal/endpoint-discovery v1.11.10 h1:T0QsDQNCVealR4CrVt+spgWJgjl8oIDje/5TH8YnCmE=
github.com/aws/aws-sdk-go-v2/service/internal/endpoint-discovery v1.11.10/go.mod h1:SGBJMtnGk4y9Yvrr3iNPos9WUqexJHxq2OI6Z1ch634=
github.com/aws/smithy-go v1.27.3 h1:F3Zb497UhhskkfpJmfkXswyo+t0sh9OTBnIHjogWbVY=
